Microsoft Visual Studio Solution File, Format Version 11.00
# Visual Studio 2008

Project("{EF0C498E-C95D-2F43-A67A-AC8445E3708C}") = "Omnos", "Assembly-CSharp.csproj", "{24E584DC-1B88-5776-3BB9-5D3683570654}"
EndProject
Project("{EF0C498E-C95D-2F43-A67A-AC8445E3708C}") = "Omnos", "Assembly-CSharp-Editor.csproj", "{33115BB8-F6B5-A066-40DE-DD839C26A40A}"
EndProject
Global
	GlobalSection(SolutionConfigurationPlatforms) = preSolution
		Debug|Any CPU = Debug|Any CPU
		Release|Any CPU = Release|Any CPU
	EndGlobalSection
	GlobalSection(ProjectConfigurationPlatforms) = postSolution
		{24E584DC-1B88-5776-3BB9-5D3683570654}.Debug|Any CPU.ActiveCfg = Debug|Any CPU
		{24E584DC-1B88-5776-3BB9-5D3683570654}.Debug|Any CPU.Build.0 = Debug|Any CPU
		{24E584DC-1B88-5776-3BB9-5D3683570654}.Release|Any CPU.ActiveCfg = Release|Any CPU
		{24E584DC-1B88-5776-3BB9-5D3683570654}.Release|Any CPU.Build.0 = Release|Any CPU
		{33115BB8-F6B5-A066-40DE-DD839C26A40A}.Debug|Any CPU.ActiveCfg = Debug|Any CPU
		{33115BB8-F6B5-A066-40DE-DD839C26A40A}.Debug|Any CPU.Build.0 = Debug|Any CPU
		{33115BB8-F6B5-A066-40DE-DD839C26A40A}.Release|Any CPU.ActiveCfg = Release|Any CPU
		{33115BB8-F6B5-A066-40DE-DD839C26A40A}.Release|Any CPU.Build.0 = Release|Any CPU
	EndGlobalSection
	GlobalSection(SolutionProperties) = preSolution
		HideSolutionNode = FALSE
	EndGlobalSection
	GlobalSection(MonoDevelopProperties) = preSolution
		StartupItem = Assembly-CSharp.csproj
	EndGlobalSection
EndGlobal
